// !$*UTF8*$!
{
	archiveVersion = 1;
	classes = {
	};
	objectVersion = 46;
	objects = {

/* Begin PBXBuildFile section */
		163058721DB257DD000D914E /* ViewController.m in Sources */ = {isa = PBXBuildFile; fileRef = 163058711DB257DD000D914E /* ViewController.m */; };
		163058751DB257DD000D914E /* Main.storyboard in Resources */ = {isa = PBXBuildFile; fileRef = 163058731DB257DD000D914E /* Main.storyboard */; };
		163058771DB257DD000D914E /* Assets.xcassets in Resources */ = {isa = PBXBuildFile; fileRef = 163058761DB257DD000D914E /* Assets.xcassets */; };
		1630587A1DB257DD000D914E /* LaunchScreen.storyboard in Resources */ = {isa = PBXBuildFile; fileRef = 163058781DB257DD000D914E /* LaunchScreen.storyboard */; };
		1630589F1DB25C29000D914E /* AppDelegate.m in Sources */ = {isa = PBXBuildFile; fileRef = 163058841DB25C29000D914E /* AppDelegate.m */; };
		163058A01DB25C29000D914E /* main.m in Sources */ = {isa = PBXBuildFile; fileRef = 1630589A1DB25C29000D914E /* main.m */; };
/* End PBXBuildFile section */

/* Begin PBXFileReference section */
		163058671DB257DC000D914E /* Miss-Scarlett.app */ = {isa = PBXFileReference; explicitFileType = wrapper.application; includeInIndex = 0; path = "Miss-Scarlett.app"; sourceTree = BUILT_PRODUCTS_DIR; };
		163058701DB257DD000D914E /* ViewController.h */ = {isa = PBXFileReference; lastKnownFileType = sourcecode.c.h; path = ViewController.h; sourceTree = "<group>"; };
		163058711DB257DD000D914E /* ViewController.m */ = {isa = PBXFileReference; lastKnownFileType = sourcecode.c.objc; path = ViewController.m; sourceTree = "<group>"; };
		163058741DB257DD000D914E /* Base */ = {isa = PBXFileReference; lastKnownFileType = file.storyboard; name = Base; path = Base.lproj/Main.storyboard; sourceTree = "<group>"; };
		163058761DB257DD000D914E /* Assets.xcassets */ = {isa = PBXFileReference; lastKnownFileType = folder.assetcatalog; path = Assets.xcassets; sourceTree = "<group>"; };
		163058791DB257DD000D914E /* Base */ = {isa = PBXFileReference; lastKnownFileType = file.storyboard; name = Base; path = Base.lproj/LaunchScreen.storyboard; sourceTree = "<group>"; };
		1630587B1DB257DD000D914E /* Info.plist */ = {isa = PBXFileReference; lastKnownFileType = text.plist.xml; path = Info.plist; sourceTree = "<group>"; };
		163058831DB25C29000D914E /* AppDelegate.h */ = {isa = PBXFileReference; fileEncoding = 4; lastKnownFileType = sourcecode.c.h; path = AppDelegate.h; sourceTree = "<group>"; };
		163058841DB25C29000D914E /* AppDelegate.m */ = {isa = PBXFileReference; fileEncoding = 4; lastKnownFileType = sourcecode.c.objc; path = AppDelegate.m; sourceTree = "<group>"; };
		1630589A1DB25C29000D914E /* main.m */ = {isa = PBXFileReference; fileEncoding = 4; lastKnownFileType = sourcecode.c.objc; path = main.m; sourceTree = "<group>"; };
/* End PBXFileReference section */

/* Begin PBXFrameworksBuildPhase section */
		163058641DB257DC000D914E /* Frameworks */ = {
			isa = PBXFrameworksBuildPhase;
			buildActionMask = 2147483647;
			files = (
			);
			runOnlyForDeploymentPostprocessing = 0;
		};
/* End PBXFrameworksBuildPhase section */

/* Begin PBXGroup section */
		1630585E1DB257DC000D914E = {
			isa = PBXGroup;
			children = (
				163058691DB257DC000D914E /* Miss-Scarlett */,
				163058681DB257DC000D914E /* Products */,
			);
			sourceTree = "<group>";
		};
		163058681DB257DC000D914E /* Products */ = {
			isa = PBXGroup;
			children = (
				163058671DB257DC000D914E /* Miss-Scarlett.app */,
			);
			name = Products;
			sourceTree = "<group>";
		};
		163058691DB257DC000D914E /* Miss-Scarlett */ = {
			isa = PBXGroup;
			children = (
				163058811DB25C29000D914E /* Classes */,
				163058701DB257DD000D914E /* ViewController.h */,
				163058711DB257DD000D914E /* ViewController.m */,
				1630587B1DB257DD000D914E /* Info.plist */,
				1630586A1DB257DC000D914E /* Supporting Files */,
			);
			path = "Miss-Scarlett";
			sourceTree = "<group>";
		};
		1630586A1DB257DC000D914E /* Supporting Files */ = {
			isa = PBXGroup;
			children = (
				163058731DB257DD000D914E /* Main.storyboard */,
				163058761DB257DD000D914E /* Assets.xcassets */,
				163058781DB257DD000D914E /* LaunchScreen.storyboard */,
			);
			name = "Supporting Files";
			sourceTree = "<group>";
		};
		163058811DB25C29000D914E /* Classes */ = {
			isa = PBXGroup;
			children = (
				163058821DB25C29000D914E /* AppDelegate */,
				163058851DB25C29000D914E /* Essence(精华) */,
				163058891DB25C29000D914E /* FriendTrend(关注) */,
				1630588D1DB25C29000D914E /* Main */,
				163058911DB25C29000D914E /* Me(我) */,
				163058951DB25C29000D914E /* New(新帖) */,
				163058991DB25C29000D914E /* Other */,
				1630589B1DB25C29000D914E /* Publish(发布) */,
			);
			path = Classes;
			sourceTree = "<group>";
		};
		163058821DB25C29000D914E /* AppDelegate */ = {
			isa = PBXGroup;
			children = (
				163058831DB25C29000D914E /* AppDelegate.h */,
				163058841DB25C29000D914E /* AppDelegate.m */,
			);
			path = AppDelegate;
			sourceTree = "<group>";
		};
		163058851DB25C29000D914E /* Essence(精华) */ = {
			isa = PBXGroup;
			children = (
				163058861DB25C29000D914E /* Controller */,
				163058871DB25C29000D914E /* Model */,
				163058881DB25C29000D914E /* View */,
			);
			path = "Essence(精华)";
			sourceTree = "<group>";
		};
		163058861DB25C29000D914E /* Controller */ = {
			isa = PBXGroup;
			children = (
			);
			path = Controller;
			sourceTree = "<group>";
		};
		163058871DB25C29000D914E /* Model */ = {
			isa = PBXGroup;
			children = (
			);
			path = Model;
			sourceTree = "<group>";
		};
		163058881DB25C29000D914E /* View */ = {
			isa = PBXGroup;
			children = (
			);
			path = View;
			sourceTree = "<group>";
		};
		163058891DB25C29000D914E /* FriendTrend(关注) */ = {
			isa = PBXGroup;
			children = (
				1630588A1DB25C29000D914E /* Controller */,
				1630588B1DB25C29000D914E /* Model */,
				1630588C1DB25C29000D914E /* View */,
			);
			path = "FriendTrend(关注)";
			sourceTree = "<group>";
		};
		1630588A1DB25C29000D914E /* Controller */ = {
			isa = PBXGroup;
			children = (
			);
			path = Controller;
			sourceTree = "<group>";
		};
		1630588B1DB25C29000D914E /* Model */ = {
			isa = PBXGroup;
			children = (
			);
			path = Model;
			sourceTree = "<group>";
		};
		1630588C1DB25C29000D914E /* View */ = {
			isa = PBXGroup;
			children = (
			);
			path = View;
			sourceTree = "<group>";
		};
		1630588D1DB25C29000D914E /* Main */ = {
			isa = PBXGroup;
			children = (
				1630588E1DB25C29000D914E /* Controller */,
				1630588F1DB25C29000D914E /* Model */,
				163058901DB25C29000D914E /* View */,
			);
			path = Main;
			sourceTree = "<group>";
		};
		1630588E1DB25C29000D914E /* Controller */ = {
			isa = PBXGroup;
			children = (
			);
			path = Controller;
			sourceTree = "<group>";
		};
		1630588F1DB25C29000D914E /* Model */ = {
			isa = PBXGroup;
			children = (
			);
			path = Model;
			sourceTree = "<group>";
		};
		163058901DB25C29000D914E /* View */ = {
			isa = PBXGroup;
			children = (
			);
			path = View;
			sourceTree = "<group>";
		};
		163058911DB25C29000D914E /* Me(我) */ = {
			isa = PBXGroup;
			children = (
				163058921DB25C29000D914E /* Controller */,
				163058931DB25C29000D914E /* Model */,
				163058941DB25C29000D914E /* View */,
			);
			path = "Me(我)";
			sourceTree = "<group>";
		};
		163058921DB25C29000D914E /* Controller */ = {
			isa = PBXGroup;
			children = (
			);
			path = Controller;
			sourceTree = "<group>";
		};
		163058931DB25C29000D914E /* Model */ = {
			isa = PBXGroup;
			children = (
			);
			path = Model;
			sourceTree = "<group>";
		};
		163058941DB25C29000D914E /* View */ = {
			isa = PBXGroup;
			children = (
			);
			path = View;
			sourceTree = "<group>";
		};
		163058951DB25C29000D914E /* New(新帖) */ = {
			isa = PBXGroup;
			children = (
				163058961DB25C29000D914E /* Controller */,
				163058971DB25C29000D914E /* Model */,
				163058981DB25C29000D914E /* View */,
			);
			path = "New(新帖)";
			sourceTree = "<group>";
		};
		163058961DB25C29000D914E /* Controller */ = {
			isa = PBXGroup;
			children = (
			);
			path = Controller;
			sourceTree = "<group>";
		};
		163058971DB25C29000D914E /* Model */ = {
			isa = PBXGroup;
			children = (
			);
			path = Model;
			sourceTree = "<group>";
		};
		163058981DB25C29000D914E /* View */ = {
			isa = PBXGroup;
			children = (
			);
			path = View;
			sourceTree = "<group>";
		};
		163058991DB25C29000D914E /* Other */ = {
			isa = PBXGroup;
			children = (
				1630589A1DB25C29000D914E /* main.m */,
			);
			path = Other;
			sourceTree = "<group>";
		};
		1630589B1DB25C29000D914E /* Publish(发布) */ = {
			isa = PBXGroup;
			children = (
				1630589C1DB25C29000D914E /* Controller */,
				1630589D1DB25C29000D914E /* Model */,
				1630589E1DB25C29000D914E /* View */,
			);
			path = "Publish(发布)";
			sourceTree = "<group>";
		};
		1630589C1DB25C29000D914E /* Controller */ = {
			isa = PBXGroup;
			children = (
			);
			path = Controller;
			sourceTree = "<group>";
		};
		1630589D1DB25C29000D914E /* Model */ = {
			isa = PBXGroup;
			children = (
			);
			path = Model;
			sourceTree = "<group>";
		};
		1630589E1DB25C29000D914E /* View */ = {
			isa = PBXGroup;
			children = (
			);
			path = View;
			sourceTree = "<group>";
		};
/* End PBXGroup section */

/* Begin PBXNativeTarget section */
		163058661DB257DC000D914E /* Miss-Scarlett */ = {
			isa = PBXNativeTarget;
			buildConfigurationList = 1630587E1DB257DD000D914E /* Build configuration list for PBXNativeTarget "Miss-Scarlett" */;
			buildPhases = (
				163058631DB257DC000D914E /* Sources */,
				163058641DB257DC000D914E /* Frameworks */,
				163058651DB257DC000D914E /* Resources */,
			);
			buildRules = (
			);
			dependencies = (
			);
			name = "Miss-Scarlett";
			productName = "Miss-Scarlett";
			productReference = 163058671DB257DC000D914E /* Miss-Scarlett.app */;
			productType = "com.apple.product-type.application";
		};
/* End PBXNativeTarget section */

/* Begin PBXProject section */
		1630585F1DB257DC000D914E /* Project object */ = {
			isa = PBXProject;
			attributes = {
				CLASSPREFIX = BW;
				LastUpgradeCheck = 0800;
				ORGANIZATIONNAME = mortal;
				TargetAttributes = {
					163058661DB257DC000D914E = {
						CreatedOnToolsVersion = 8.0;
						DevelopmentTeam = CB4RJ8S956;
						ProvisioningStyle = Automatic;
					};
				};
			};
			buildConfigurationList = 163058621DB257DC000D914E /* Build configuration list for PBXProject "Miss-Scarlett" */;
			compatibilityVersion = "Xcode 3.2";
			developmentRegion = English;
			hasScannedForEncodings = 0;
			knownRegions = (
				en,
				Base,
			);
			mainGroup = 1630585E1DB257DC000D914E;
			productRefGroup = 163058681DB257DC000D914E /* Products */;
			projectDirPath = "";
			projectRoot = "";
			targets = (
				163058661DB257DC000D914E /* Miss-Scarlett */,
			);
		};
/* End PBXProject section */

/* Begin PBXResourcesBuildPhase section */
		163058651DB257DC000D914E /* Resources */ = {
			isa = PBXResourcesBuildPhase;
			buildActionMask = 2147483647;
			files = (
				1630587A1DB257DD000D914E /* LaunchScreen.storyboard in Resources */,
				163058771DB257DD000D914E /* Assets.xcassets in Resources */,
				163058751DB257DD000D914E /* Main.storyboard in Resources */,
			);
			runOnlyForDeploymentPostprocessing = 0;
		};
/* End PBXResourcesBuildPhase section */

/* Begin PBXSourcesBuildPhase section */
		163058631DB257DC000D914E /* Sources */ = {
			isa = PBXSourcesBuildPhase;
			buildActionMask = 2147483647;
			files = (
				1630589F1DB25C29000D914E /* AppDelegate.m in Sources */,
				163058A01DB25C29000D914E /* main.m in Sources */,
				163058721DB257DD000D914E /* ViewController.m in Sources */,
			);
			runOnlyForDeploymentPostprocessing = 0;
		};
/* End PBXSourcesBuildPhase section */

/* Begin PBXVariantGroup section */
		163058731DB257DD000D914E /* Main.storyboard */ = {
			isa = PBXVariantGroup;
			children = (
				163058741DB257DD000D914E /* Base */,
			);
			name = Main.storyboard;
			sourceTree = "<group>";
		};
		163058781DB257DD000D914E /* LaunchScreen.storyboard */ = {
			isa = PBXVariantGroup;
			children = (
				163058791DB257DD000D914E /* Base */,
			);
			name = LaunchScreen.storyboard;
			sourceTree = "<group>";
		};
/* End PBXVariantGroup section */

/* Begin XCBuildConfiguration section */
		1630587C1DB257DD000D914E /* Debug */ = {
			isa = XCBuildConfiguration;
			buildSettings = {
				ALWAYS_SEARCH_USER_PATHS = NO;
				CLANG_ANALYZER_NONNULL = YES;
				CLANG_CXX_LANGUAGE_STANDARD = "gnu++0x";
				CLANG_CXX_LIBRARY = "libc++";
				CLANG_ENABLE_MODULES = YES;
				CLANG_ENABLE_OBJC_ARC = YES;
				CLANG_WARN_BOOL_CONVERSION = YES;
				CLANG_WARN_CONSTANT_CONVERSION = YES;
				CLANG_WARN_DIRECT_OBJC_ISA_USAGE = YES_ERROR;
				CLANG_WARN_DOCUMENTATION_COMMENTS = YES;
				CLANG_WARN_EMPTY_BODY = YES;
				CLANG_WARN_ENUM_CONVERSION = YES;
				CLANG_WARN_INFINITE_RECURSION = YES;
				CLANG_WARN_INT_CONVERSION = YES;
				CLANG_WARN_OBJC_ROOT_CLASS = YES_ERROR;
				CLANG_WARN_SUSPICIOUS_MOVES = YES;
				CLANG_WARN_UNREACHABLE_CODE = YES;
				CLANG_WARN__DUPLICATE_METHOD_MATCH = YES;
				"CODE_SIGN_IDENTITY[sdk=iphoneos*]" = "iPhone Developer";
				COPY_PHASE_STRIP = NO;
				DEBUG_INFORMATION_FORMAT = dwarf;
				ENABLE_STRICT_OBJC_MSGSEND = YES;
				ENABLE_TESTABILITY = YES;
				GCC_C_LANGUAGE_STANDARD = gnu99;
				GCC_DYNAMIC_NO_PIC = NO;
				GCC_NO_COMMON_BLOCKS = YES;
				GCC_OPTIMIZATION_LEVEL = 0;
				GCC_PREPROCESSOR_DEFINITIONS = (
					"DEBUG=1",
					"$(inherited)",
				);
				GCC_WARN_64_TO_32_BIT_CONVERSION = YES;
				GCC_WARN_ABOUT_RETURN_TYPE = YES_ERROR;
				GCC_WARN_UNDECLARED_SELECTOR = YES;
				GCC_WARN_UNINITIALIZED_AUTOS = YES_AGGRESSIVE;
				GCC_WARN_UNUSED_FUNCTION = YES;
				GCC_WARN_UNUSED_VARIABLE = YES;
				IPHONEOS_DEPLOYMENT_TARGET = 10.0;
				MTL_ENABLE_DEBUG_INFO = YES;
				ONLY_ACTIVE_ARCH = YES;
				SDKROOT = iphoneos;
				TARGETED_DEVICE_FAMILY = "1,2";
			};
			name = Debug;
		};
		1630587D1DB257DD000D914E /* Release */ = {
			isa = XCBuildConfiguration;
			buildSettings = {
				ALWAYS_SEARCH_USER_PATHS = NO;
				CLANG_ANALYZER_NONNULL = YES;
				CLANG_CXX_LANGUAGE_STANDARD = "gnu++0x";
				CLANG_CXX_LIBRARY = "libc++";
				CLANG_ENABLE_MODULES = YES;
				CLANG_ENABLE_OBJC_ARC = YES;
				CLANG_WARN_BOOL_CONVERSION = YES;
				CLANG_WARN_CONSTANT_CONVERSION = YES;
				CLANG_WARN_DIRECT_OBJC_ISA_USAGE = YES_ERROR;
				CLANG_WARN_DOCUMENTATION_COMMENTS = YES;
				CLANG_WARN_EMPTY_BODY = YES;
				CLANG_WARN_ENUM_CONVERSION = YES;
				CLANG_WARN_INFINITE_RECURSION = YES;
				CLANG_WARN_INT_CONVERSION = YES;
				CLANG_WARN_OBJC_ROOT_CLASS = YES_ERROR;
				CLANG_WARN_SUSPICIOUS_MOVES = YES;
				CLANG_WARN_UNREACHABLE_CODE = YES;
				CLANG_WARN__DUPLICATE_METHOD_MATCH = YES;
				"CODE_SIGN_IDENTITY[sdk=iphoneos*]" = "iPhone Developer";
				COPY_PHASE_STRIP = NO;
				DEBUG_INFORMATION_FORMAT = "dwarf-with-dsym";
				ENABLE_NS_ASSERTIONS = NO;
				ENABLE_STRICT_OBJC_MSGSEND = YES;
				GCC_C_LANGUAGE_STANDARD = gnu99;
				GCC_NO_COMMON_BLOCKS = YES;
				GCC_WARN_64_TO_32_BIT_CONVERSION = YES;
				GCC_WARN_ABOUT_RETURN_TYPE = YES_ERROR;
				GCC_WARN_UNDECLARED_SELECTOR = YES;
				GCC_WARN_UNINITIALIZED_AUTOS = YES_AGGRESSIVE;
				GCC_WARN_UNUSED_FUNCTION = YES;
				GCC_WARN_UNUSED_VARIABLE = YES;
				IPHONEOS_DEPLOYMENT_TARGET = 10.0;
				MTL_ENABLE_DEBUG_INFO = NO;
				SDKROOT = iphoneos;
				TARGETED_DEVICE_FAMILY = "1,2";
				VALIDATE_PRODUCT = YES;
			};
			name = Release;
		};
		1630587F1DB257DD000D914E /* Debug */ = {
			isa = XCBuildConfiguration;
			buildSettings = {
				ASSETCATALOG_COMPILER_APPICON_NAME = AppIcon;
				ASSETCATALOG_COMPILER_LAUNCHIMAGE_NAME = LaunchImage;
				DEVELOPMENT_TEAM = CB4RJ8S956;
				INFOPLIST_FILE = "Miss-Scarlett/Info.plist";
				IPHONEOS_DEPLOYMENT_TARGET = 8.0;
				LD_RUNPATH_SEARCH_PATHS = "$(inherited) @executable_path/Frameworks";
				PRODUCT_BUNDLE_IDENTIFIER = "lbw.Miss-Scarlett";
				PRODUCT_NAME = "$(TARGET_NAME)";
			};
			name = Debug;
		};
		163058801DB257DD000D914E /* Release */ = {
			isa = XCBuildConfiguration;
			buildSettings = {
				ASSETCATALOG_COMPILER_APPICON_NAME = AppIcon;
				ASSETCATALOG_COMPILER_LAUNCHIMAGE_NAME = LaunchImage;
				DEVELOPMENT_TEAM = CB4RJ8S956;
				INFOPLIST_FILE = "Miss-Scarlett/Info.plist";
				IPHONEOS_DEPLOYMENT_TARGET = 8.0;
				LD_RUNPATH_SEARCH_PATHS = "$(inherited) @executable_path/Frameworks";
				PRODUCT_BUNDLE_IDENTIFIER = "lbw.Miss-Scarlett";
				PRODUCT_NAME = "$(TARGET_NAME)";
			};
			name = Release;
		};
/* End XCBuildConfiguration section */

/* Begin XCConfigurationList section */
		163058621DB257DC000D914E /* Build configuration list for PBXProject "Miss-Scarlett" */ = {
			isa = XCConfigurationList;
			buildConfigurations = (
				1630587C1DB257DD000D914E /* Debug */,
				1630587D1DB257DD000D914E /* Release */,
			);
			defaultConfigurationIsVisible = 0;
			defaultConfigurationName = Release;
		};
		1630587E1DB257DD000D914E /* Build configuration list for PBXNativeTarget "Miss-Scarlett" */ = {
			isa = XCConfigurationList;
			buildConfigurations = (
				1630587F1DB257DD000D914E /* Debug */,
				163058801DB257DD000D914E /* Release */,
			);
			defaultConfigurationIsVisible = 0;
			defaultConfigurationName = Release;
		};
/* End XCConfigurationList section */
	};
	rootObject = 1630585F1DB257DC000D914E /* Project object */;
}
