// !$*UTF8*$!
{
	archiveVersion = 1;
	classes = {
	};
	objectVersion = 46;
	objects = {

/* Begin PBXBuildFile section */
		163058771DB257DD000D914E /* Assets.xcassets in Resources */ = {isa = PBXBuildFile; fileRef = 163058761DB257DD000D914E /* Assets.xcassets */; };
		1630587A1DB257DD000D914E /* LaunchScreen.storyboard in Resources */ = {isa = PBXBuildFile; fileRef = 163058781DB257DD000D914E /* LaunchScreen.storyboard */; };
		1630589F1DB25C29000D914E /* AppDelegate.m in Sources */ = {isa = PBXBuildFile; fileRef = 163058841DB25C29000D914E /* AppDelegate.m */; };
		163058A01DB25C29000D914E /* main.m in Sources */ = {isa = PBXBuildFile; fileRef = 1630589A1DB25C29000D914E /* main.m */; };
		163058A31DB25D8C000D914E /* BWTabBarController.m in Sources */ = {isa = PBXBuildFile; fileRef = 163058A21DB25D8C000D914E /* BWTabBarController.m */; };
		163058A61DB25F2A000D914E /* BWEssenceVC.m in Sources */ = {isa = PBXBuildFile; fileRef = 163058A51DB25F2A000D914E /* BWEssenceVC.m */; };
		163058A91DB25F55000D914E /* BWNewVC.m in Sources */ = {isa = PBXBuildFile; fileRef = 163058A81DB25F55000D914E /* BWNewVC.m */; };
		163058AC1DB25F6D000D914E /* BWPublishVC.m in Sources */ = {isa = PBXBuildFile; fileRef = 163058AB1DB25F6D000D914E /* BWPublishVC.m */; };
		163058AF1DB25FA0000D914E /* BWFriendTrendVC.m in Sources */ = {isa = PBXBuildFile; fileRef = 163058AE1DB25FA0000D914E /* BWFriendTrendVC.m */; };
		163058B21DB25FCF000D914E /* BWMeTabVC.m in Sources */ = {isa = PBXBuildFile; fileRef = 163058B11DB25FCF000D914E /* BWMeTabVC.m */; };
		163058B61DB26D16000D914E /* UIImage+BWImage.m in Sources */ = {isa = PBXBuildFile; fileRef = 163058B51DB26D16000D914E /* UIImage+BWImage.m */; };
		167DF1BA1DB374DF0042640C /* UIBarButtonItem+BWItem.m in Sources */ = {isa = PBXBuildFile; fileRef = 167DF1B91DB374DF0042640C /* UIBarButtonItem+BWItem.m */; };
		167DF1C11DB393DD0042640C /* BWSettingTabVC.m in Sources */ = {isa = PBXBuildFile; fileRef = 167DF1C01DB393DD0042640C /* BWSettingTabVC.m */; };
		167DF1C41DB397980042640C /* BWNavController.m in Sources */ = {isa = PBXBuildFile; fileRef = 167DF1C31DB397980042640C /* BWNavController.m */; };
		167DF1C71DB3B14A0042640C /* UIView+BWFrame.m in Sources */ = {isa = PBXBuildFile; fileRef = 167DF1C61DB3B14A0042640C /* UIView+BWFrame.m */; };
		167DF1CA1DB3B59C0042640C /* BWNavigationBar.m in Sources */ = {isa = PBXBuildFile; fileRef = 167DF1C91DB3B59C0042640C /* BWNavigationBar.m */; };
		167DF1CD1DB3B6250042640C /* BWNavLeftBackView.m in Sources */ = {isa = PBXBuildFile; fileRef = 167DF1CC1DB3B6250042640C /* BWNavLeftBackView.m */; };
		16D656561DB637BB00E74ECE /* BWADViewController.m in Sources */ = {isa = PBXBuildFile; fileRef = 16D656541DB637BB00E74ECE /* BWADViewController.m */; };
		16D656571DB637BB00E74ECE /* BWADViewController.xib in Resources */ = {isa = PBXBuildFile; fileRef = 16D656551DB637BB00E74ECE /* BWADViewController.xib */; };
		16D656601DB639EC00E74ECE /* LaunchImage-568h@2x.png in Resources */ = {isa = PBXBuildFile; fileRef = 16D656591DB639EC00E74ECE /* LaunchImage-568h@2x.png */; };
		16D656611DB639EC00E74ECE /* LaunchImage-700-568h@2x.png in Resources */ = {isa = PBXBuildFile; fileRef = 16D6565A1DB639EC00E74ECE /* LaunchImage-700-568h@2x.png */; };
		16D656621DB639EC00E74ECE /* LaunchImage-700@2x.png in Resources */ = {isa = PBXBuildFile; fileRef = 16D6565B1DB639EC00E74ECE /* LaunchImage-700@2x.png */; };
		16D656631DB639EC00E74ECE /* LaunchImage-800-667h@2x.png in Resources */ = {isa = PBXBuildFile; fileRef = 16D6565C1DB639EC00E74ECE /* LaunchImage-800-667h@2x.png */; };
		16D656641DB639EC00E74ECE /* LaunchImage-800-Portrait-736h@3x.png in Resources */ = {isa = PBXBuildFile; fileRef = 16D6565D1DB639EC00E74ECE /* LaunchImage-800-Portrait-736h@3x.png */; };
		16D656651DB639EC00E74ECE /* LaunchImage.png in Resources */ = {isa = PBXBuildFile; fileRef = 16D6565E1DB639EC00E74ECE /* LaunchImage.png */; };
		16D656661DB639EC00E74ECE /* LaunchImage@2x.png in Resources */ = {isa = PBXBuildFile; fileRef = 16D6565F1DB639EC00E74ECE /* LaunchImage@2x.png */; };
		16D656691DB6449C00E74ECE /* AFHTTPSessionManager+BWManager.m in Sources */ = {isa = PBXBuildFile; fileRef = 16D656681DB6449C00E74ECE /* AFHTTPSessionManager+BWManager.m */; };
		16D6566C1DB647C800E74ECE /* BWADItem.m in Sources */ = {isa = PBXBuildFile; fileRef = 16D6566B1DB647C800E74ECE /* BWADItem.m */; };
		88F7D9BE2CB98E7BFCCB521B /* libPods-Miss-Scarlett.a in Frameworks */ = {isa = PBXBuildFile; fileRef = 6B81E4B3932E35B097A0B8B2 /* libPods-Miss-Scarlett.a */; };
/* End PBXBuildFile section */

/* Begin PBXFileReference section */
		163058671DB257DC000D914E /* Miss-Scarlett.app */ = {isa = PBXFileReference; explicitFileType = wrapper.application; includeInIndex = 0; path = "Miss-Scarlett.app"; sourceTree = BUILT_PRODUCTS_DIR; };
		163058761DB257DD000D914E /* Assets.xcassets */ = {isa = PBXFileReference; lastKnownFileType = folder.assetcatalog; path = Assets.xcassets; sourceTree = "<group>"; };
		163058791DB257DD000D914E /* Base */ = {isa = PBXFileReference; lastKnownFileType = file.storyboard; name = Base; path = Base.lproj/LaunchScreen.storyboard; sourceTree = "<group>"; };
		1630587B1DB257DD000D914E /* Info.plist */ = {isa = PBXFileReference; lastKnownFileType = text.plist.xml; path = Info.plist; sourceTree = "<group>"; };
		163058831DB25C29000D914E /* AppDelegate.h */ = {isa = PBXFileReference; fileEncoding = 4; lastKnownFileType = sourcecode.c.h; path = AppDelegate.h; sourceTree = "<group>"; };
		163058841DB25C29000D914E /* AppDelegate.m */ = {isa = PBXFileReference; fileEncoding = 4; lastKnownFileType = sourcecode.c.objc; path = AppDelegate.m; sourceTree = "<group>"; };
		1630589A1DB25C29000D914E /* main.m */ = {isa = PBXFileReference; fileEncoding = 4; lastKnownFileType = sourcecode.c.objc; path = main.m; sourceTree = "<group>"; };
		163058A11DB25D8C000D914E /* BWTabBarController.h */ = {isa = PBXFileReference; fileEncoding = 4; lastKnownFileType = sourcecode.c.h; path = BWTabBarController.h; sourceTree = "<group>"; };
		163058A21DB25D8C000D914E /* BWTabBarController.m */ = {isa = PBXFileReference; fileEncoding = 4; lastKnownFileType = sourcecode.c.objc; path = BWTabBarController.m; sourceTree = "<group>"; };
		163058A41DB25F2A000D914E /* BWEssenceVC.h */ = {isa = PBXFileReference; fileEncoding = 4; lastKnownFileType = sourcecode.c.h; path = BWEssenceVC.h; sourceTree = "<group>"; };
		163058A51DB25F2A000D914E /* BWEssenceVC.m */ = {isa = PBXFileReference; fileEncoding = 4; lastKnownFileType = sourcecode.c.objc; path = BWEssenceVC.m; sourceTree = "<group>"; };
		163058A71DB25F55000D914E /* BWNewVC.h */ = {isa = PBXFileReference; fileEncoding = 4; lastKnownFileType = sourcecode.c.h; path = BWNewVC.h; sourceTree = "<group>"; };
		163058A81DB25F55000D914E /* BWNewVC.m */ = {isa = PBXFileReference; fileEncoding = 4; lastKnownFileType = sourcecode.c.objc; path = BWNewVC.m; sourceTree = "<group>"; };
		163058AA1DB25F6D000D914E /* BWPublishVC.h */ = {isa = PBXFileReference; fileEncoding = 4; lastKnownFileType = sourcecode.c.h; path = BWPublishVC.h; sourceTree = "<group>"; };
		163058AB1DB25F6D000D914E /* BWPublishVC.m */ = {isa = PBXFileReference; fileEncoding = 4; lastKnownFileType = sourcecode.c.objc; path = BWPublishVC.m; sourceTree = "<group>"; };
		163058AD1DB25FA0000D914E /* BWFriendTrendVC.h */ = {isa = PBXFileReference; fileEncoding = 4; lastKnownFileType = sourcecode.c.h; path = BWFriendTrendVC.h; sourceTree = "<group>"; };
		163058AE1DB25FA0000D914E /* BWFriendTrendVC.m */ = {isa = PBXFileReference; fileEncoding = 4; lastKnownFileType = sourcecode.c.objc; path = BWFriendTrendVC.m; sourceTree = "<group>"; };
		163058B01DB25FCF000D914E /* BWMeTabVC.h */ = {isa = PBXFileReference; fileEncoding = 4; lastKnownFileType = sourcecode.c.h; path = BWMeTabVC.h; sourceTree = "<group>"; };
		163058B11DB25FCF000D914E /* BWMeTabVC.m */ = {isa = PBXFileReference; fileEncoding = 4; lastKnownFileType = sourcecode.c.objc; path = BWMeTabVC.m; sourceTree = "<group>"; };
		163058B41DB26D16000D914E /* UIImage+BWImage.h */ = {isa = PBXFileReference; fileEncoding = 4; lastKnownFileType = sourcecode.c.h; path = "UIImage+BWImage.h"; sourceTree = "<group>"; };
		163058B51DB26D16000D914E /* UIImage+BWImage.m */ = {isa = PBXFileReference; fileEncoding = 4; lastKnownFileType = sourcecode.c.objc; path = "UIImage+BWImage.m"; sourceTree = "<group>"; };
		163058B71DB26DAC000D914E /* PrefixHeader.pch */ = {isa = PBXFileReference; fileEncoding = 4; lastKnownFileType = sourcecode.c.h; path = PrefixHeader.pch; sourceTree = "<group>"; };
		167DF1B81DB374DF0042640C /* UIBarButtonItem+BWItem.h */ = {isa = PBXFileReference; fileEncoding = 4; lastKnownFileType = sourcecode.c.h; path = "UIBarButtonItem+BWItem.h"; sourceTree = "<group>"; };
		167DF1B91DB374DF0042640C /* UIBarButtonItem+BWItem.m */ = {isa = PBXFileReference; fileEncoding = 4; lastKnownFileType = sourcecode.c.objc; path = "UIBarButtonItem+BWItem.m"; sourceTree = "<group>"; };
		167DF1BF1DB393DD0042640C /* BWSettingTabVC.h */ = {isa = PBXFileReference; fileEncoding = 4; lastKnownFileType = sourcecode.c.h; path = BWSettingTabVC.h; sourceTree = "<group>"; };
		167DF1C01DB393DD0042640C /* BWSettingTabVC.m */ = {isa = PBXFileReference; fileEncoding = 4; lastKnownFileType = sourcecode.c.objc; path = BWSettingTabVC.m; sourceTree = "<group>"; };
		167DF1C21DB397980042640C /* BWNavController.h */ = {isa = PBXFileReference; fileEncoding = 4; lastKnownFileType = sourcecode.c.h; path = BWNavController.h; sourceTree = "<group>"; };
		167DF1C31DB397980042640C /* BWNavController.m */ = {isa = PBXFileReference; fileEncoding = 4; lastKnownFileType = sourcecode.c.objc; path = BWNavController.m; sourceTree = "<group>"; };
		167DF1C51DB3B14A0042640C /* UIView+BWFrame.h */ = {isa = PBXFileReference; fileEncoding = 4; lastKnownFileType = sourcecode.c.h; path = "UIView+BWFrame.h"; sourceTree = "<group>"; };
		167DF1C61DB3B14A0042640C /* UIView+BWFrame.m */ = {isa = PBXFileReference; fileEncoding = 4; lastKnownFileType = sourcecode.c.objc; path = "UIView+BWFrame.m"; sourceTree = "<group>"; };
		167DF1C81DB3B59C0042640C /* BWNavigationBar.h */ = {isa = PBXFileReference; fileEncoding = 4; lastKnownFileType = sourcecode.c.h; path = BWNavigationBar.h; sourceTree = "<group>"; };
		167DF1C91DB3B59C0042640C /* BWNavigationBar.m */ = {isa = PBXFileReference; fileEncoding = 4; lastKnownFileType = sourcecode.c.objc; path = BWNavigationBar.m; sourceTree = "<group>"; };
		167DF1CB1DB3B6250042640C /* BWNavLeftBackView.h */ = {isa = PBXFileReference; fileEncoding = 4; lastKnownFileType = sourcecode.c.h; path = BWNavLeftBackView.h; sourceTree = "<group>"; };
		167DF1CC1DB3B6250042640C /* BWNavLeftBackView.m */ = {isa = PBXFileReference; fileEncoding = 4; lastKnownFileType = sourcecode.c.objc; path = BWNavLeftBackView.m; sourceTree = "<group>"; };
		16D656531DB637BB00E74ECE /* BWADViewController.h */ = {isa = PBXFileReference; fileEncoding = 4; lastKnownFileType = sourcecode.c.h; path = BWADViewController.h; sourceTree = "<group>"; };
		16D656541DB637BB00E74ECE /* BWADViewController.m */ = {isa = PBXFileReference; fileEncoding = 4; lastKnownFileType = sourcecode.c.objc; path = BWADViewController.m; sourceTree = "<group>"; };
		16D656551DB637BB00E74ECE /* BWADViewController.xib */ = {isa = PBXFileReference; fileEncoding = 4; lastKnownFileType = file.xib; path = BWADViewController.xib; sourceTree = "<group>"; };
		16D656591DB639EC00E74ECE /* LaunchImage-568h@2x.png */ = {isa = PBXFileReference; lastKnownFileType = image.png; path = "LaunchImage-568h@2x.png"; sourceTree = "<group>"; };
		16D6565A1DB639EC00E74ECE /* LaunchImage-700-568h@2x.png */ = {isa = PBXFileReference; lastKnownFileType = image.png; path = "LaunchImage-700-568h@2x.png"; sourceTree = "<group>"; };
		16D6565B1DB639EC00E74ECE /* LaunchImage-700@2x.png */ = {isa = PBXFileReference; lastKnownFileType = image.png; path = "LaunchImage-700@2x.png"; sourceTree = "<group>"; };
		16D6565C1DB639EC00E74ECE /* LaunchImage-800-667h@2x.png */ = {isa = PBXFileReference; lastKnownFileType = image.png; path = "LaunchImage-800-667h@2x.png"; sourceTree = "<group>"; };
		16D6565D1DB639EC00E74ECE /* LaunchImage-800-Portrait-736h@3x.png */ = {isa = PBXFileReference; lastKnownFileType = image.png; path = "LaunchImage-800-Portrait-736h@3x.png"; sourceTree = "<group>"; };
		16D6565E1DB639EC00E74ECE /* LaunchImage.png */ = {isa = PBXFileReference; lastKnownFileType = image.png; path = LaunchImage.png; sourceTree = "<group>"; };
		16D6565F1DB639EC00E74ECE /* LaunchImage@2x.png */ = {isa = PBXFileReference; lastKnownFileType = image.png; path = "LaunchImage@2x.png"; sourceTree = "<group>"; };
		16D656671DB6449C00E74ECE /* AFHTTPSessionManager+BWManager.h */ = {isa = PBXFileReference; fileEncoding = 4; lastKnownFileType = sourcecode.c.h; path = "AFHTTPSessionManager+BWManager.h"; sourceTree = "<group>"; };
		16D656681DB6449C00E74ECE /* AFHTTPSessionManager+BWManager.m */ = {isa = PBXFileReference; fileEncoding = 4; lastKnownFileType = sourcecode.c.objc; path = "AFHTTPSessionManager+BWManager.m"; sourceTree = "<group>"; };
		16D6566A1DB647C800E74ECE /* BWADItem.h */ = {isa = PBXFileReference; fileEncoding = 4; lastKnownFileType = sourcecode.c.h; path = BWADItem.h; sourceTree = "<group>"; };
		16D6566B1DB647C800E74ECE /* BWADItem.m */ = {isa = PBXFileReference; fileEncoding = 4; lastKnownFileType = sourcecode.c.objc; path = BWADItem.m; sourceTree = "<group>"; };
		6B81E4B3932E35B097A0B8B2 /* libPods-Miss-Scarlett.a */ = {isa = PBXFileReference; explicitFileType = archive.ar; includeInIndex = 0; path = "libPods-Miss-Scarlett.a"; sourceTree = BUILT_PRODUCTS_DIR; };
		77EBA6007F5BDA9871577AAF /* Pods-Miss-Scarlett.release.xcconfig */ = {isa = PBXFileReference; includeInIndex = 1; lastKnownFileType = text.xcconfig; name = "Pods-Miss-Scarlett.release.xcconfig"; path = "Pods/Target Support Files/Pods-Miss-Scarlett/Pods-Miss-Scarlett.release.xcconfig"; sourceTree = "<group>"; };
		902AA2CF73A9C1064314319E /* Pods-Miss-Scarlett.debug.xcconfig */ = {isa = PBXFileReference; includeInIndex = 1; lastKnownFileType = text.xcconfig; name = "Pods-Miss-Scarlett.debug.xcconfig"; path = "Pods/Target Support Files/Pods-Miss-Scarlett/Pods-Miss-Scarlett.debug.xcconfig"; sourceTree = "<group>"; };
/* End PBXFileReference section */

/* Begin PBXFrameworksBuildPhase section */
		163058641DB257DC000D914E /* Frameworks */ = {
			isa = PBXFrameworksBuildPhase;
			buildActionMask = 2147483647;
			files = (
				88F7D9BE2CB98E7BFCCB521B /* libPods-Miss-Scarlett.a in Frameworks */,
			);
			runOnlyForDeploymentPostprocessing = 0;
		};
/* End PBXFrameworksBuildPhase section */

/* Begin PBXGroup section */
		0E943E9848E308DD22D34C89 /* Frameworks */ = {
			isa = PBXGroup;
			children = (
				6B81E4B3932E35B097A0B8B2 /* libPods-Miss-Scarlett.a */,
			);
			name = Frameworks;
			sourceTree = "<group>";
		};
		1630585E1DB257DC000D914E = {
			isa = PBXGroup;
			children = (
				163058691DB257DC000D914E /* Miss-Scarlett */,
				163058681DB257DC000D914E /* Products */,
				29FA1999537D600E13880D33 /* Pods */,
				0E943E9848E308DD22D34C89 /* Frameworks */,
			);
			sourceTree = "<group>";
		};
		163058681DB257DC000D914E /* Products */ = {
			isa = PBXGroup;
			children = (
				163058671DB257DC000D914E /* Miss-Scarlett.app */,
			);
			name = Products;
			sourceTree = "<group>";
		};
		163058691DB257DC000D914E /* Miss-Scarlett */ = {
			isa = PBXGroup;
			children = (
				163058811DB25C29000D914E /* Classes */,
				1630587B1DB257DD000D914E /* Info.plist */,
				163058B71DB26DAC000D914E /* PrefixHeader.pch */,
				163058761DB257DD000D914E /* Assets.xcassets */,
				163058781DB257DD000D914E /* LaunchScreen.storyboard */,
				1630586A1DB257DC000D914E /* Supporting Files */,
			);
			path = "Miss-Scarlett";
			sourceTree = "<group>";
		};
		1630586A1DB257DC000D914E /* Supporting Files */ = {
			isa = PBXGroup;
			children = (
				16D656581DB639EC00E74ECE /* 启动图片 */,
			);
			name = "Supporting Files";
			sourceTree = "<group>";
		};
		163058811DB25C29000D914E /* Classes */ = {
			isa = PBXGroup;
			children = (
				163058821DB25C29000D914E /* AppDelegate */,
				16D6564F1DB6377D00E74ECE /* AD( 广告) */,
				1630588D1DB25C29000D914E /* Main */,
				163058851DB25C29000D914E /* Essence(精华) */,
				163058951DB25C29000D914E /* New(新帖) */,
				1630589B1DB25C29000D914E /* Publish(发布) */,
				163058891DB25C29000D914E /* FriendTrend(关注) */,
				163058911DB25C29000D914E /* Me(我) */,
				167DF1BB1DB393B80042640C /* Setting(设置) */,
				163058991DB25C29000D914E /* Other */,
			);
			path = Classes;
			sourceTree = "<group>";
		};
		163058821DB25C29000D914E /* AppDelegate */ = {
			isa = PBXGroup;
			children = (
				163058831DB25C29000D914E /* AppDelegate.h */,
				163058841DB25C29000D914E /* AppDelegate.m */,
			);
			path = AppDelegate;
			sourceTree = "<group>";
		};
		163058851DB25C29000D914E /* Essence(精华) */ = {
			isa = PBXGroup;
			children = (
				163058861DB25C29000D914E /* Controller */,
				163058871DB25C29000D914E /* Model */,
				163058881DB25C29000D914E /* View */,
			);
			path = "Essence(精华)";
			sourceTree = "<group>";
		};
		163058861DB25C29000D914E /* Controller */ = {
			isa = PBXGroup;
			children = (
				163058A41DB25F2A000D914E /* BWEssenceVC.h */,
				163058A51DB25F2A000D914E /* BWEssenceVC.m */,
			);
			path = Controller;
			sourceTree = "<group>";
		};
		163058871DB25C29000D914E /* Model */ = {
			isa = PBXGroup;
			children = (
			);
			path = Model;
			sourceTree = "<group>";
		};
		163058881DB25C29000D914E /* View */ = {
			isa = PBXGroup;
			children = (
			);
			path = View;
			sourceTree = "<group>";
		};
		163058891DB25C29000D914E /* FriendTrend(关注) */ = {
			isa = PBXGroup;
			children = (
				1630588A1DB25C29000D914E /* Controller */,
				1630588B1DB25C29000D914E /* Model */,
				1630588C1DB25C29000D914E /* View */,
			);
			path = "FriendTrend(关注)";
			sourceTree = "<group>";
		};
		1630588A1DB25C29000D914E /* Controller */ = {
			isa = PBXGroup;
			children = (
				163058AD1DB25FA0000D914E /* BWFriendTrendVC.h */,
				163058AE1DB25FA0000D914E /* BWFriendTrendVC.m */,
			);
			path = Controller;
			sourceTree = "<group>";
		};
		1630588B1DB25C29000D914E /* Model */ = {
			isa = PBXGroup;
			children = (
			);
			path = Model;
			sourceTree = "<group>";
		};
		1630588C1DB25C29000D914E /* View */ = {
			isa = PBXGroup;
			children = (
			);
			path = View;
			sourceTree = "<group>";
		};
		1630588D1DB25C29000D914E /* Main */ = {
			isa = PBXGroup;
			children = (
				1630588E1DB25C29000D914E /* Controller */,
				1630588F1DB25C29000D914E /* Model */,
				163058901DB25C29000D914E /* View */,
			);
			path = Main;
			sourceTree = "<group>";
		};
		1630588E1DB25C29000D914E /* Controller */ = {
			isa = PBXGroup;
			children = (
				163058A11DB25D8C000D914E /* BWTabBarController.h */,
				163058A21DB25D8C000D914E /* BWTabBarController.m */,
				167DF1C21DB397980042640C /* BWNavController.h */,
				167DF1C31DB397980042640C /* BWNavController.m */,
			);
			path = Controller;
			sourceTree = "<group>";
		};
		1630588F1DB25C29000D914E /* Model */ = {
			isa = PBXGroup;
			children = (
			);
			path = Model;
			sourceTree = "<group>";
		};
		163058901DB25C29000D914E /* View */ = {
			isa = PBXGroup;
			children = (
				167DF1C81DB3B59C0042640C /* BWNavigationBar.h */,
				167DF1C91DB3B59C0042640C /* BWNavigationBar.m */,
				167DF1CB1DB3B6250042640C /* BWNavLeftBackView.h */,
				167DF1CC1DB3B6250042640C /* BWNavLeftBackView.m */,
			);
			path = View;
			sourceTree = "<group>";
		};
		163058911DB25C29000D914E /* Me(我) */ = {
			isa = PBXGroup;
			children = (
				163058921DB25C29000D914E /* Controller */,
				163058931DB25C29000D914E /* Model */,
				163058941DB25C29000D914E /* View */,
			);
			path = "Me(我)";
			sourceTree = "<group>";
		};
		163058921DB25C29000D914E /* Controller */ = {
			isa = PBXGroup;
			children = (
				163058B01DB25FCF000D914E /* BWMeTabVC.h */,
				163058B11DB25FCF000D914E /* BWMeTabVC.m */,
			);
			path = Controller;
			sourceTree = "<group>";
		};
		163058931DB25C29000D914E /* Model */ = {
			isa = PBXGroup;
			children = (
			);
			path = Model;
			sourceTree = "<group>";
		};
		163058941DB25C29000D914E /* View */ = {
			isa = PBXGroup;
			children = (
			);
			path = View;
			sourceTree = "<group>";
		};
		163058951DB25C29000D914E /* New(新帖) */ = {
			isa = PBXGroup;
			children = (
				163058961DB25C29000D914E /* Controller */,
				163058971DB25C29000D914E /* Model */,
				163058981DB25C29000D914E /* View */,
			);
			path = "New(新帖)";
			sourceTree = "<group>";
		};
		163058961DB25C29000D914E /* Controller */ = {
			isa = PBXGroup;
			children = (
				163058A71DB25F55000D914E /* BWNewVC.h */,
				163058A81DB25F55000D914E /* BWNewVC.m */,
			);
			path = Controller;
			sourceTree = "<group>";
		};
		163058971DB25C29000D914E /* Model */ = {
			isa = PBXGroup;
			children = (
			);
			path = Model;
			sourceTree = "<group>";
		};
		163058981DB25C29000D914E /* View */ = {
			isa = PBXGroup;
			children = (
			);
			path = View;
			sourceTree = "<group>";
		};
		163058991DB25C29000D914E /* Other */ = {
			isa = PBXGroup;
			children = (
				163058B31DB26D02000D914E /* Category */,
				1630589A1DB25C29000D914E /* main.m */,
			);
			path = Other;
			sourceTree = "<group>";
		};
		1630589B1DB25C29000D914E /* Publish(发布) */ = {
			isa = PBXGroup;
			children = (
				1630589C1DB25C29000D914E /* Controller */,
				1630589D1DB25C29000D914E /* Model */,
				1630589E1DB25C29000D914E /* View */,
			);
			path = "Publish(发布)";
			sourceTree = "<group>";
		};
		1630589C1DB25C29000D914E /* Controller */ = {
			isa = PBXGroup;
			children = (
				163058AA1DB25F6D000D914E /* BWPublishVC.h */,
				163058AB1DB25F6D000D914E /* BWPublishVC.m */,
			);
			path = Controller;
			sourceTree = "<group>";
		};
		1630589D1DB25C29000D914E /* Model */ = {
			isa = PBXGroup;
			children = (
			);
			path = Model;
			sourceTree = "<group>";
		};
		1630589E1DB25C29000D914E /* View */ = {
			isa = PBXGroup;
			children = (
			);
			path = View;
			sourceTree = "<group>";
		};
		163058B31DB26D02000D914E /* Category */ = {
			isa = PBXGroup;
			children = (
				163058B41DB26D16000D914E /* UIImage+BWImage.h */,
				163058B51DB26D16000D914E /* UIImage+BWImage.m */,
				167DF1B81DB374DF0042640C /* UIBarButtonItem+BWItem.h */,
				167DF1B91DB374DF0042640C /* UIBarButtonItem+BWItem.m */,
				167DF1C51DB3B14A0042640C /* UIView+BWFrame.h */,
				167DF1C61DB3B14A0042640C /* UIView+BWFrame.m */,
				16D656671DB6449C00E74ECE /* AFHTTPSessionManager+BWManager.h */,
				16D656681DB6449C00E74ECE /* AFHTTPSessionManager+BWManager.m */,
			);
			path = Category;
			sourceTree = "<group>";
		};
		167DF1BB1DB393B80042640C /* Setting(设置) */ = {
			isa = PBXGroup;
			children = (
				167DF1BC1DB393B80042640C /* Controller */,
				167DF1BD1DB393B80042640C /* Model */,
				167DF1BE1DB393B80042640C /* View */,
			);
			path = "Setting(设置)";
			sourceTree = "<group>";
		};
		167DF1BC1DB393B80042640C /* Controller */ = {
			isa = PBXGroup;
			children = (
				167DF1BF1DB393DD0042640C /* BWSettingTabVC.h */,
				167DF1C01DB393DD0042640C /* BWSettingTabVC.m */,
			);
			path = Controller;
			sourceTree = "<group>";
		};
		167DF1BD1DB393B80042640C /* Model */ = {
			isa = PBXGroup;
			children = (
			);
			path = Model;
			sourceTree = "<group>";
		};
		167DF1BE1DB393B80042640C /* View */ = {
			isa = PBXGroup;
			children = (
			);
			path = View;
			sourceTree = "<group>";
		};
		16D6564F1DB6377D00E74ECE /* AD( 广告) */ = {
			isa = PBXGroup;
			children = (
				16D656501DB6377D00E74ECE /* Controller */,
				16D656511DB6377D00E74ECE /* Model */,
				16D656521DB6377D00E74ECE /* View */,
			);
			name = "AD( 广告)";
			path = "AppDelegate/AD( 广告)";
			sourceTree = "<group>";
		};
		16D656501DB6377D00E74ECE /* Controller */ = {
			isa = PBXGroup;
			children = (
				16D656531DB637BB00E74ECE /* BWADViewController.h */,
				16D656541DB637BB00E74ECE /* BWADViewController.m */,
				16D656551DB637BB00E74ECE /* BWADViewController.xib */,
			);
			path = Controller;
			sourceTree = "<group>";
		};
		16D656511DB6377D00E74ECE /* Model */ = {
			isa = PBXGroup;
			children = (
				16D6566A1DB647C800E74ECE /* BWADItem.h */,
				16D6566B1DB647C800E74ECE /* BWADItem.m */,
			);
			path = Model;
			sourceTree = "<group>";
		};
		16D656521DB6377D00E74ECE /* View */ = {
			isa = PBXGroup;
			children = (
			);
			path = View;
			sourceTree = "<group>";
		};
		16D656581DB639EC00E74ECE /* 启动图片 */ = {
			isa = PBXGroup;
			children = (
				16D656591DB639EC00E74ECE /* LaunchImage-568h@2x.png */,
				16D6565A1DB639EC00E74ECE /* LaunchImage-700-568h@2x.png */,
				16D6565B1DB639EC00E74ECE /* LaunchImage-700@2x.png */,
				16D6565C1DB639EC00E74ECE /* LaunchImage-800-667h@2x.png */,
				16D6565D1DB639EC00E74ECE /* LaunchImage-800-Portrait-736h@3x.png */,
				16D6565E1DB639EC00E74ECE /* LaunchImage.png */,
				16D6565F1DB639EC00E74ECE /* LaunchImage@2x.png */,
			);
			path = "启动图片";
			sourceTree = "<group>";
		};
		29FA1999537D600E13880D33 /* Pods */ = {
			isa = PBXGroup;
			children = (
				902AA2CF73A9C1064314319E /* Pods-Miss-Scarlett.debug.xcconfig */,
				77EBA6007F5BDA9871577AAF /* Pods-Miss-Scarlett.release.xcconfig */,
			);
			name = Pods;
			sourceTree = "<group>";
		};
/* End PBXGroup section */

/* Begin PBXNativeTarget section */
		163058661DB257DC000D914E /* Miss-Scarlett */ = {
			isa = PBXNativeTarget;
			buildConfigurationList = 1630587E1DB257DD000D914E /* Build configuration list for PBXNativeTarget "Miss-Scarlett" */;
			buildPhases = (
				B0BE30CCEA61E67CC6E3BAFF /* [CP] Check Pods Manifest.lock */,
				163058631DB257DC000D914E /* Sources */,
				163058641DB257DC000D914E /* Frameworks */,
				163058651DB257DC000D914E /* Resources */,
				48C112917E477A5894556A12 /* [CP] Embed Pods Frameworks */,
				FC7AEA3F9463D2734CF70635 /* [CP] Copy Pods Resources */,
			);
			buildRules = (
			);
			dependencies = (
			);
			name = "Miss-Scarlett";
			productName = "Miss-Scarlett";
			productReference = 163058671DB257DC000D914E /* Miss-Scarlett.app */;
			productType = "com.apple.product-type.application";
		};
/* End PBXNativeTarget section */

/* Begin PBXProject section */
		1630585F1DB257DC000D914E /* Project object */ = {
			isa = PBXProject;
			attributes = {
				CLASSPREFIX = BW;
				LastUpgradeCheck = 0800;
				ORGANIZATIONNAME = mortal;
				TargetAttributes = {
					163058661DB257DC000D914E = {
						CreatedOnToolsVersion = 8.0;
						DevelopmentTeam = CB4RJ8S956;
						ProvisioningStyle = Automatic;
					};
				};
			};
			buildConfigurationList = 163058621DB257DC000D914E /* Build configuration list for PBXProject "Miss-Scarlett" */;
			compatibilityVersion = "Xcode 3.2";
			developmentRegion = English;
			hasScannedForEncodings = 0;
			knownRegions = (
				en,
				Base,
			);
			mainGroup = 1630585E1DB257DC000D914E;
			productRefGroup = 163058681DB257DC000D914E /* Products */;
			projectDirPath = "";
			projectRoot = "";
			targets = (
				163058661DB257DC000D914E /* Miss-Scarlett */,
			);
		};
/* End PBXProject section */

/* Begin PBXResourcesBuildPhase section */
		163058651DB257DC000D914E /* Resources */ = {
			isa = PBXResourcesBuildPhase;
			buildActionMask = 2147483647;
			files = (
				1630587A1DB257DD000D914E /* LaunchScreen.storyboard in Resources */,
				16D656611DB639EC00E74ECE /* LaunchImage-700-568h@2x.png in Resources */,
				16D656651DB639EC00E74ECE /* LaunchImage.png in Resources */,
				163058771DB257DD000D914E /* Assets.xcassets in Resources */,
				16D656621DB639EC00E74ECE /* LaunchImage-700@2x.png in Resources */,
				16D656641DB639EC00E74ECE /* LaunchImage-800-Portrait-736h@3x.png in Resources */,
				16D656601DB639EC00E74ECE /* LaunchImage-568h@2x.png in Resources */,
				16D656631DB639EC00E74ECE /* LaunchImage-800-667h@2x.png in Resources */,
				16D656571DB637BB00E74ECE /* BWADViewController.xib in Resources */,
				16D656661DB639EC00E74ECE /* LaunchImage@2x.png in Resources */,
			);
			runOnlyForDeploymentPostprocessing = 0;
		};
/* End PBXResourcesBuildPhase section */

/* Begin PBXShellScriptBuildPhase section */
		48C112917E477A5894556A12 /* [CP] Embed Pods Frameworks */ = {
			isa = PBXShellScriptBuildPhase;
			buildActionMask = 2147483647;
			files = (
			);
			inputPaths = (
			);
			name = "[CP] Embed Pods Frameworks";
			outputPaths = (
			);
			runOnlyForDeploymentPostprocessing = 0;
			shellPath = /bin/sh;
			shellScript = "\"${SRCROOT}/Pods/Target Support Files/Pods-Miss-Scarlett/Pods-Miss-Scarlett-frameworks.sh\"\n";
			showEnvVarsInLog = 0;
		};
		B0BE30CCEA61E67CC6E3BAFF /* [CP] Check Pods Manifest.lock */ = {
			isa = PBXShellScriptBuildPhase;
			buildActionMask = 2147483647;
			files = (
			);
			inputPaths = (
			);
			name = "[CP] Check Pods Manifest.lock";
			outputPaths = (
			);
			runOnlyForDeploymentPostprocessing = 0;
			shellPath = /bin/sh;
			shellScript = "diff \"${PODS_ROOT}/../Podfile.lock\" \"${PODS_ROOT}/Manifest.lock\" > /dev/null\nif [[ $? != 0 ]] ; then\n    cat << EOM\nerror: The sandbox is not in sync with the Podfile.lock. Run 'pod install' or update your CocoaPods installation.\nEOM\n    exit 1\nfi\n";
			showEnvVarsInLog = 0;
		};
		FC7AEA3F9463D2734CF70635 /* [CP] Copy Pods Resources */ = {
			isa = PBXShellScriptBuildPhase;
			buildActionMask = 2147483647;
			files = (
			);
			inputPaths = (
			);
			name = "[CP] Copy Pods Resources";
			outputPaths = (
			);
			runOnlyForDeploymentPostprocessing = 0;
			shellPath = /bin/sh;
			shellScript = "\"${SRCROOT}/Pods/Target Support Files/Pods-Miss-Scarlett/Pods-Miss-Scarlett-resources.sh\"\n";
			showEnvVarsInLog = 0;
		};
/* End PBXShellScriptBuildPhase section */

/* Begin PBXSourcesBuildPhase section */
		163058631DB257DC000D914E /* Sources */ = {
			isa = PBXSourcesBuildPhase;
			buildActionMask = 2147483647;
			files = (
				163058AF1DB25FA0000D914E /* BWFriendTrendVC.m in Sources */,
				163058B21DB25FCF000D914E /* BWMeTabVC.m in Sources */,
				167DF1BA1DB374DF0042640C /* UIBarButtonItem+BWItem.m in Sources */,
				167DF1C11DB393DD0042640C /* BWSettingTabVC.m in Sources */,
				16D656691DB6449C00E74ECE /* AFHTTPSessionManager+BWManager.m in Sources */,
				167DF1CD1DB3B6250042640C /* BWNavLeftBackView.m in Sources */,
				167DF1CA1DB3B59C0042640C /* BWNavigationBar.m in Sources */,
				163058B61DB26D16000D914E /* UIImage+BWImage.m in Sources */,
				16D6566C1DB647C800E74ECE /* BWADItem.m in Sources */,
				163058A61DB25F2A000D914E /* BWEssenceVC.m in Sources */,
				163058AC1DB25F6D000D914E /* BWPublishVC.m in Sources */,
				1630589F1DB25C29000D914E /* AppDelegate.m in Sources */,
				163058A91DB25F55000D914E /* BWNewVC.m in Sources */,
				167DF1C71DB3B14A0042640C /* UIView+BWFrame.m in Sources */,
				16D656561DB637BB00E74ECE /* BWADViewController.m in Sources */,
				163058A01DB25C29000D914E /* main.m in Sources */,
				167DF1C41DB397980042640C /* BWNavController.m in Sources */,
				163058A31DB25D8C000D914E /* BWTabBarController.m in Sources */,
			);
			runOnlyForDeploymentPostprocessing = 0;
		};
/* End PBXSourcesBuildPhase section */

/* Begin PBXVariantGroup section */
		163058781DB257DD000D914E /* LaunchScreen.storyboard */ = {
			isa = PBXVariantGroup;
			children = (
				163058791DB257DD000D914E /* Base */,
			);
			name = LaunchScreen.storyboard;
			sourceTree = "<group>";
		};
/* End PBXVariantGroup section */

/* Begin XCBuildConfiguration section */
		1630587C1DB257DD000D914E /* Debug */ = {
			isa = XCBuildConfiguration;
			buildSettings = {
				ALWAYS_SEARCH_USER_PATHS = NO;
				CLANG_ANALYZER_NONNULL = YES;
				CLANG_CXX_LANGUAGE_STANDARD = "gnu++0x";
				CLANG_CXX_LIBRARY = "libc++";
				CLANG_ENABLE_MODULES = YES;
				CLANG_ENABLE_OBJC_ARC = YES;
				CLANG_WARN_BOOL_CONVERSION = YES;
				CLANG_WARN_CONSTANT_CONVERSION = YES;
				CLANG_WARN_DIRECT_OBJC_ISA_USAGE = YES_ERROR;
				CLANG_WARN_DOCUMENTATION_COMMENTS = YES;
				CLANG_WARN_EMPTY_BODY = YES;
				CLANG_WARN_ENUM_CONVERSION = YES;
				CLANG_WARN_INFINITE_RECURSION = YES;
				CLANG_WARN_INT_CONVERSION = YES;
				CLANG_WARN_OBJC_ROOT_CLASS = YES_ERROR;
				CLANG_WARN_SUSPICIOUS_MOVES = YES;
				CLANG_WARN_UNREACHABLE_CODE = YES;
				CLANG_WARN__DUPLICATE_METHOD_MATCH = YES;
				"CODE_SIGN_IDENTITY[sdk=iphoneos*]" = "iPhone Developer";
				COPY_PHASE_STRIP = NO;
				DEBUG_INFORMATION_FORMAT = dwarf;
				ENABLE_STRICT_OBJC_MSGSEND = YES;
				ENABLE_TESTABILITY = YES;
				GCC_C_LANGUAGE_STANDARD = gnu99;
				GCC_DYNAMIC_NO_PIC = NO;
				GCC_NO_COMMON_BLOCKS = YES;
				GCC_OPTIMIZATION_LEVEL = 0;
				GCC_PREPROCESSOR_DEFINITIONS = (
					"DEBUG=1",
					"$(inherited)",
				);
				GCC_WARN_64_TO_32_BIT_CONVERSION = YES;
				GCC_WARN_ABOUT_RETURN_TYPE = YES_ERROR;
				GCC_WARN_UNDECLARED_SELECTOR = YES;
				GCC_WARN_UNINITIALIZED_AUTOS = YES_AGGRESSIVE;
				GCC_WARN_UNUSED_FUNCTION = YES;
				GCC_WARN_UNUSED_VARIABLE = YES;
				IPHONEOS_DEPLOYMENT_TARGET = 10.0;
				MTL_ENABLE_DEBUG_INFO = YES;
				ONLY_ACTIVE_ARCH = YES;
				SDKROOT = iphoneos;
				TARGETED_DEVICE_FAMILY = "1,2";
			};
			name = Debug;
		};
		1630587D1DB257DD000D914E /* Release */ = {
			isa = XCBuildConfiguration;
			buildSettings = {
				ALWAYS_SEARCH_USER_PATHS = NO;
				CLANG_ANALYZER_NONNULL = YES;
				CLANG_CXX_LANGUAGE_STANDARD = "gnu++0x";
				CLANG_CXX_LIBRARY = "libc++";
				CLANG_ENABLE_MODULES = YES;
				CLANG_ENABLE_OBJC_ARC = YES;
				CLANG_WARN_BOOL_CONVERSION = YES;
				CLANG_WARN_CONSTANT_CONVERSION = YES;
				CLANG_WARN_DIRECT_OBJC_ISA_USAGE = YES_ERROR;
				CLANG_WARN_DOCUMENTATION_COMMENTS = YES;
				CLANG_WARN_EMPTY_BODY = YES;
				CLANG_WARN_ENUM_CONVERSION = YES;
				CLANG_WARN_INFINITE_RECURSION = YES;
				CLANG_WARN_INT_CONVERSION = YES;
				CLANG_WARN_OBJC_ROOT_CLASS = YES_ERROR;
				CLANG_WARN_SUSPICIOUS_MOVES = YES;
				CLANG_WARN_UNREACHABLE_CODE = YES;
				CLANG_WARN__DUPLICATE_METHOD_MATCH = YES;
				"CODE_SIGN_IDENTITY[sdk=iphoneos*]" = "iPhone Developer";
				COPY_PHASE_STRIP = NO;
				DEBUG_INFORMATION_FORMAT = "dwarf-with-dsym";
				ENABLE_NS_ASSERTIONS = NO;
				ENABLE_STRICT_OBJC_MSGSEND = YES;
				GCC_C_LANGUAGE_STANDARD = gnu99;
				GCC_NO_COMMON_BLOCKS = YES;
				GCC_WARN_64_TO_32_BIT_CONVERSION = YES;
				GCC_WARN_ABOUT_RETURN_TYPE = YES_ERROR;
				GCC_WARN_UNDECLARED_SELECTOR = YES;
				GCC_WARN_UNINITIALIZED_AUTOS = YES_AGGRESSIVE;
				GCC_WARN_UNUSED_FUNCTION = YES;
				GCC_WARN_UNUSED_VARIABLE = YES;
				IPHONEOS_DEPLOYMENT_TARGET = 10.0;
				MTL_ENABLE_DEBUG_INFO = NO;
				SDKROOT = iphoneos;
				TARGETED_DEVICE_FAMILY = "1,2";
				VALIDATE_PRODUCT = YES;
			};
			name = Release;
		};
		1630587F1DB257DD000D914E /* Debug */ = {
			isa = XCBuildConfiguration;
			baseConfigurationReference = 902AA2CF73A9C1064314319E /* Pods-Miss-Scarlett.debug.xcconfig */;
			buildSettings = {
				ASSETCATALOG_COMPILER_APPICON_NAME = AppIcon;
				ASSETCATALOG_COMPILER_LAUNCHIMAGE_NAME = LaunchImage;
				DEVELOPMENT_TEAM = CB4RJ8S956;
				GCC_PREFIX_HEADER = "Miss-Scarlett/PrefixHeader.pch";
				INFOPLIST_FILE = "Miss-Scarlett/Info.plist";
				IPHONEOS_DEPLOYMENT_TARGET = 8.0;
				LD_RUNPATH_SEARCH_PATHS = "$(inherited) @executable_path/Frameworks";
				PRODUCT_BUNDLE_IDENTIFIER = "lbw.Miss-Scarlett";
				PRODUCT_NAME = "$(TARGET_NAME)";
			};
			name = Debug;
		};
		163058801DB257DD000D914E /* Release */ = {
			isa = XCBuildConfiguration;
			baseConfigurationReference = 77EBA6007F5BDA9871577AAF /* Pods-Miss-Scarlett.release.xcconfig */;
			buildSettings = {
				ASSETCATALOG_COMPILER_APPICON_NAME = AppIcon;
				ASSETCATALOG_COMPILER_LAUNCHIMAGE_NAME = LaunchImage;
				DEVELOPMENT_TEAM = CB4RJ8S956;
				GCC_PREFIX_HEADER = "Miss-Scarlett/PrefixHeader.pch";
				INFOPLIST_FILE = "Miss-Scarlett/Info.plist";
				IPHONEOS_DEPLOYMENT_TARGET = 8.0;
				LD_RUNPATH_SEARCH_PATHS = "$(inherited) @executable_path/Frameworks";
				PRODUCT_BUNDLE_IDENTIFIER = "lbw.Miss-Scarlett";
				PRODUCT_NAME = "$(TARGET_NAME)";
			};
			name = Release;
		};
/* End XCBuildConfiguration section */

/* Begin XCConfigurationList section */
		163058621DB257DC000D914E /* Build configuration list for PBXProject "Miss-Scarlett" */ = {
			isa = XCConfigurationList;
			buildConfigurations = (
				1630587C1DB257DD000D914E /* Debug */,
				1630587D1DB257DD000D914E /* Release */,
			);
			defaultConfigurationIsVisible = 0;
			defaultConfigurationName = Release;
		};
		1630587E1DB257DD000D914E /* Build configuration list for PBXNativeTarget "Miss-Scarlett" */ = {
			isa = XCConfigurationList;
			buildConfigurations = (
				1630587F1DB257DD000D914E /* Debug */,
				163058801DB257DD000D914E /* Release */,
			);
			defaultConfigurationIsVisible = 0;
			defaultConfigurationName = Release;
		};
/* End XCConfigurationList section */
	};
	rootObject = 1630585F1DB257DC000D914E /* Project object */;
}
